{
  "nodes": {
    "activate-linux": {
      "inputs": {
        "nixpkgs": [
          "nixpkgs"
        ],
        "utils": "utils"
      },
      "locked": {
        "lastModified": 1728405649,
        "narHash": "sha256-Ski9d0DrfiH6tl7TY6EMS1PRT9ay2s7xbXy2prhy0Uk=",
        "owner": "Kljunas2",
        "repo": "activate-linux",
        "rev": "978d53de9a2cde0f608de1554c34c7dd090e01a4",
        "type": "github"
      },
      "original": {
        "owner": "Kljunas2",
        "repo": "activate-linux",
        "type": "github"
      }
    },
    "distro-grub-themes": {
      "inputs": {
        "flake-utils": "flake-utils",
        "nixpkgs": "nixpkgs"
      },
      "locked": {
        "lastModified": 1734806114,
        "narHash": "sha256-FWkDtoLMTTk2Lz4d4LkFjtV/xYyIlpwZlX5Np1QhXls=",
        "owner": "AdisonCavani",
        "repo": "distro-grub-themes",
        "rev": "ebbd17419890059e371a6f2dbf2a7e76190327d4",
        "type": "github"
      },
      "original": {
        "owner": "AdisonCavani",
        "repo": "distro-grub-themes",
        "type": "github"
      }
    },
    "flake-compat": {
      "flake": false,
      "locked": {
        "lastModified": 1733328505,
        "narHash": "sha256-NeCCThCEP3eCl2l/+27kNNK7QrwZB1IJCrXfrbv5oqU=",
        "owner": "edolstra",
        "repo": "flake-compat",
        "rev": "ff81ac966bb2cae68946d5ed5fc4994f96d0ffec",
        "type": "github"
      },
      "original": {
        "owner": "edolstra",
        "repo": "flake-compat",
        "type": "github"
      }
    },
    "flake-compat_2": {
      "flake": false,
      "locked": {
        "lastModified": 1717312683,
        "narHash": "sha256-FrlieJH50AuvagamEvWMIE6D2OAnERuDboFDYAED/dE=",
        "owner": "nix-community",
        "repo": "flake-compat",
        "rev": "38fd3954cf65ce6faf3d0d45cd26059e059f07ea",
        "type": "github"
      },
      "original": {
        "owner": "nix-community",
        "repo": "flake-compat",
        "type": "github"
      }
    },
    "flake-compat_3": {
      "flake": false,
      "locked": {
        "lastModified": 1733328505,
        "narHash": "sha256-NeCCThCEP3eCl2l/+27kNNK7QrwZB1IJCrXfrbv5oqU=",
        "owner": "edolstra",
        "repo": "flake-compat",
        "rev": "ff81ac966bb2cae68946d5ed5fc4994f96d0ffec",
        "type": "github"
      },
      "original": {
        "owner": "edolstra",
        "repo": "flake-compat",
        "type": "github"
      }
    },
    "flake-compat_4": {
      "locked": {
        "lastModified": 1696426674,
        "narHash": "sha256-kvjfFW7WAETZlt09AgDn1MrtKzP7t90Vf7vypd3OL1U=",
        "rev": "0f9255e01c2351cc7d116c072cb317785dd33b33",
        "revCount": 57,
        "type": "tarball",
        "url": "https://api.flakehub.com/f/pinned/edolstra/flake-compat/1.0.1/018afb31-abd1-7bff-a5e4-cff7e18efb7a/source.tar.gz"
      },
      "original": {
        "type": "tarball",
        "url": "https://flakehub.com/f/edolstra/flake-compat/1.tar.gz"
      }
    },
    "flake-utils": {
      "inputs": {
        "systems": "systems"
      },
      "locked": {
        "lastModified": 1731533236,
        "narHash": "sha256-l0KFg5HjrsfsO/JpG+r7fRrqm12kzFHyUHqHCVpMMbI=",
        "owner": "numtide",
        "repo": "flake-utils",
        "rev": "11707dc2f618dd54ca8739b309ec4fc024de578b",
        "type": "github"
      },
      "original": {
        "owner": "numtide",
        "repo": "flake-utils",
        "type": "github"
      }
    },
    "flake-utils_2": {
      "inputs": {
        "systems": "systems_3"
      },
      "locked": {
        "lastModified": 1710146030,
        "narHash": "sha256-SZ5L6eA7HJ/nmkzGG7/ISclqe6oZdOZTNoesiInkXPQ=",
        "owner": "numtide",
        "repo": "flake-utils",
        "rev": "b1d9ab70662946ef0850d488da1c9019f3a9752a",
        "type": "github"
      },
      "original": {
        "owner": "numtide",
        "repo": "flake-utils",
        "type": "github"
      }
    },
    "home-manager": {
      "inputs": {
        "nixpkgs": [
          "nixpkgs"
        ]
      },
      "locked": {
        "lastModified": 1735381016,
        "narHash": "sha256-CyCZFhMUkuYbSD6bxB/r43EdmDE7hYeZZPTCv0GudO4=",
        "owner": "nix-community",
        "repo": "home-manager",
        "rev": "10e99c43cdf4a0713b4e81d90691d22c6a58bdf2",
        "type": "github"
      },
      "original": {
        "owner": "nix-community",
        "repo": "home-manager",
        "type": "github"
      }
    },
    "kwin-effects-forceblur": {
      "inputs": {
        "nixpkgs": [
          "nixpkgs"
        ],
        "utils": "utils_2"
      },
      "locked": {
        "lastModified": 1734735212,
        "narHash": "sha256-9EJ/XadUCvlKWkLV/YGFFMbjMwi5XZWhW6pbxF/Ytm4=",
        "owner": "taj-ny",
        "repo": "kwin-effects-forceblur",
        "rev": "9a385496e5662f4caca5be463d9c6d5d2ff0fa8e",
        "type": "github"
      },
      "original": {
        "owner": "taj-ny",
        "repo": "kwin-effects-forceblur",
        "type": "github"
      }
    },
    "nix-matlab": {
      "inputs": {
        "flake-compat": "flake-compat",
        "nixpkgs": [
          "nixpkgs"
        ]
      },
      "locked": {
        "lastModified": 1735570914,
        "narHash": "sha256-E4tGbE7cRSKiYifxVWgcrZPF1i2BKwvGD+2fEsLc9O4=",
        "owner": "doronbehar",
        "repo": "nix-matlab",
        "rev": "c0ba4b14ee3c902603ec1061242f17de26919a8d",
        "type": "gitlab"
      },
      "original": {
        "owner": "doronbehar",
        "repo": "nix-matlab",
        "type": "gitlab"
      }
    },
    "nixos-cosmic": {
      "inputs": {
        "flake-compat": "flake-compat_2",
        "nixpkgs": [
          "nixpkgs"
        ],
        "nixpkgs-stable": "nixpkgs-stable",
        "rust-overlay": "rust-overlay"
      },
      "locked": {
        "lastModified": 1735522648,
        "narHash": "sha256-A73vDMGBEq9KwUMmtMkg3zvReMsdRrb1ruXjNjzJh+I=",
        "owner": "lilyinstarlight",
        "repo": "nixos-cosmic",
        "rev": "6f74fba14f206b6e74ed5d2320facf9c43c3771a",
        "type": "github"
      },
      "original": {
        "owner": "lilyinstarlight",
        "repo": "nixos-cosmic",
        "type": "github"
      }
    },
    "nixpkgs": {
      "locked": {
        "lastModified": 1731676054,
        "narHash": "sha256-OZiZ3m8SCMfh3B6bfGC/Bm4x3qc1m2SVEAlkV6iY7Yg=",
        "owner": "nixos",
        "repo": "nixpkgs",
        "rev": "5e4fbfb6b3de1aa2872b76d49fafc942626e2add",
        "type": "github"
      },
      "original": {
        "owner": "nixos",
        "ref": "nixos-unstable",
        "repo": "nixpkgs",
        "type": "github"
      }
    },
    "nixpkgs-stable": {
      "locked": {
        "lastModified": 1735264675,
        "narHash": "sha256-MgdXpeX2GuJbtlBrH9EdsUeWl/yXEubyvxM1G+yO4Ak=",
        "owner": "NixOS",
        "repo": "nixpkgs",
        "rev": "d49da4c08359e3c39c4e27c74ac7ac9b70085966",
        "type": "github"
      },
      "original": {
        "owner": "NixOS",
        "ref": "nixos-24.11",
        "repo": "nixpkgs",
        "type": "github"
      }
    },
    "nixpkgs_2": {
      "locked": {
        "lastModified": 1735471104,
        "narHash": "sha256-0q9NGQySwDQc7RhAV2ukfnu7Gxa5/ybJ2ANT8DQrQrs=",
        "owner": "nixos",
        "repo": "nixpkgs",
        "rev": "88195a94f390381c6afcdaa933c2f6ff93959cb4",
        "type": "github"
      },
      "original": {
        "owner": "nixos",
        "ref": "nixos-unstable",
        "repo": "nixpkgs",
        "type": "github"
      }
    },
    "root": {
      "inputs": {
        "activate-linux": "activate-linux",
        "distro-grub-themes": "distro-grub-themes",
        "home-manager": "home-manager",
        "kwin-effects-forceblur": "kwin-effects-forceblur",
        "nix-matlab": "nix-matlab",
        "nixos-cosmic": "nixos-cosmic",
        "nixpkgs": "nixpkgs_2",
        "spicetify-nix": "spicetify-nix",
        "winapps": "winapps"
      }
    },
    "rust-overlay": {
      "inputs": {
        "nixpkgs": [
          "nixos-cosmic",
          "nixpkgs"
        ]
      },
      "locked": {
        "lastModified": 1735439489,
        "narHash": "sha256-IysonaW/cItfmMuvg43flOqMgS4N0C6yKJobCa09XOQ=",
        "owner": "oxalica",
        "repo": "rust-overlay",
        "rev": "915d7c42a706f9191696d1b779cf1ea1769d34a8",
        "type": "github"
      },
      "original": {
        "owner": "oxalica",
        "repo": "rust-overlay",
        "type": "github"
      }
    },
    "spicetify-nix": {
      "inputs": {
        "flake-compat": "flake-compat_3",
        "nixpkgs": [
          "nixpkgs"
        ]
      },
      "locked": {
        "lastModified": 1735532154,
        "narHash": "sha256-b+Yz6cOqcDmWYt8BIifTrY1n8q5zTJEHuEh/16nhS7k=",
        "owner": "Gerg-L",
        "repo": "spicetify-nix",
        "rev": "52c3363e4a6896c263657491e8177ee8b63af3b4",
        "type": "github"
      },
      "original": {
        "owner": "Gerg-L",
        "repo": "spicetify-nix",
        "type": "github"
      }
    },
    "systems": {
      "locked": {
        "lastModified": 1681028828,
        "narHash": "sha256-Vy1rq5AaRuLzOxct8nz4T6wlgyUR7zLU309k9mBC768=",
        "owner": "nix-systems",
        "repo": "default",
        "rev": "da67096a3b9bf56a91d16901293e51ba5b49a27e",
        "type": "github"
      },
      "original": {
        "owner": "nix-systems",
        "repo": "default",
        "type": "github"
      }
    },
    "systems_2": {
      "locked": {
        "lastModified": 1681028828,
        "narHash": "sha256-Vy1rq5AaRuLzOxct8nz4T6wlgyUR7zLU309k9mBC768=",
        "owner": "nix-systems",
        "repo": "default",
        "rev": "da67096a3b9bf56a91d16901293e51ba5b49a27e",
        "type": "github"
      },
      "original": {
        "owner": "nix-systems",
        "repo": "default",
        "type": "github"
      }
    },
    "systems_3": {
      "locked": {
        "lastModified": 1681028828,
        "narHash": "sha256-Vy1rq5AaRuLzOxct8nz4T6wlgyUR7zLU309k9mBC768=",
        "owner": "nix-systems",
        "repo": "default",
        "rev": "da67096a3b9bf56a91d16901293e51ba5b49a27e",
        "type": "github"
      },
      "original": {
        "owner": "nix-systems",
        "repo": "default",
        "type": "github"
      }
    },
    "utils": {
      "locked": {
        "lastModified": 1652776076,
        "narHash": "sha256-gzTw/v1vj4dOVbpBSJX4J0DwUR6LIyXo7/SuuTJp1kM=",
        "owner": "numtide",
        "repo": "flake-utils",
        "rev": "04c1b180862888302ddfb2e3ad9eaa63afc60cf8",
        "type": "github"
      },
      "original": {
        "owner": "numtide",
        "repo": "flake-utils",
        "type": "github"
      }
    },
    "utils_2": {
      "inputs": {
        "systems": "systems_2"
      },
      "locked": {
        "lastModified": 1726560853,
        "narHash": "sha256-X6rJYSESBVr3hBoH0WbKE5KvhPU5bloyZ2L4K60/fPQ=",
        "owner": "numtide",
        "repo": "flake-utils",
        "rev": "c1dfcf08411b08f6b8615f7d8971a2bfa81d5e8a",
        "type": "github"
      },
      "original": {
        "owner": "numtide",
        "repo": "flake-utils",
        "type": "github"
      }
    },
    "winapps": {
      "inputs": {
        "flake-compat": "flake-compat_4",
        "flake-utils": "flake-utils_2",
        "nixpkgs": [
          "nixpkgs"
        ]
      },
      "locked": {
        "lastModified": 1735472510,
        "narHash": "sha256-P14bwZm6e8kIYCYP+lk6JDnB/WeKAFOA0GzTmwJqqL0=",
        "owner": "winapps-org",
        "repo": "winapps",
        "rev": "f25f319efa703cbdf596090ea12560b1302ba1ab",
        "type": "github"
      },
      "original": {
        "owner": "winapps-org",
        "repo": "winapps",
        "type": "github"
      }
    }
  },
  "root": "root",
  "version": 7
}
